
Microsoft Visual Studio Solution File, Format Version 12.00
# Visual Studio Version 17
VisualStudioVersion = 17.4.33403.182
MinimumVisualStudioVersion = 10.0.40219.1
Project("{FAE04EC0-301F-11D3-BF4B-00C04F79EFBC}") = "Max1", "Max1\Max1.csproj", "{20EA2136-53E7-4CAE-9316-40462EFAEC5C}"
EndProject
Global
	GlobalSection(SolutionConfigurationPlatforms) = preSolution
		Debug|Any CPU = Debug|Any CPU
		Release|Any CPU = Release|Any CPU
	EndGlobalSection
	GlobalSection(ProjectConfigurationPlatforms) = postSolution
		{20EA2136-53E7-4CAE-9316-40462EFAEC5C}.Debug|Any CPU.ActiveCfg = Debug|Any CPU
		{20EA2136-53E7-4CAE-9316-40462EFAEC5C}.Debug|Any CPU.Build.0 = Debug|Any CPU
		{20EA2136-53E7-4CAE-9316-40462EFAEC5C}.Release|Any CPU.ActiveCfg = Release|Any CPU
		{20EA2136-53E7-4CAE-9316-40462EFAEC5C}.Release|Any CPU.Build.0 = Release|Any CPU
	EndGlobalSection
	GlobalSection(SolutionProperties) = preSolution
		HideSolutionNode = FALSE
	EndGlobalSection
	GlobalSection(ExtensibilityGlobals) = postSolution
		SolutionGuid = {AD706BCE-401C-4034-91E7-77F62BC8F43C}
	EndGlobalSection
EndGlobal
